
Microsoft Visual Studio Solution File, Format Version 12.00
# Visual Studio Version 17
VisualStudioVersion = 17.0.32002.185
MinimumVisualStudioVersion = 10.0.40219.1
Project("{9A19103F-16F7-4668-BE54-9A1E7A4F7556}") = "UmbDock", "UmbDock\UmbDock.csproj", "{A95C7892-92B4-4544-8BD5-BC69DBFA23C1}"
EndProject
Project("{9A19103F-16F7-4668-BE54-9A1E7A4F7556}") = "WeatherApi", "WeatherApi\WeatherApi.csproj", "{40607F45-7A88-4DF3-B6DE-B5B694C80879}"
EndProject
Global
	GlobalSection(SolutionConfigurationPlatforms) = preSolution
		Debug|Any CPU = Debug|Any CPU
		Release|Any CPU = Release|Any CPU
	EndGlobalSection
	GlobalSection(ProjectConfigurationPlatforms) = postSolution
		{A95C7892-92B4-4544-8BD5-BC69DBFA23C1}.Debug|Any CPU.ActiveCfg = Debug|Any CPU
		{A95C7892-92B4-4544-8BD5-BC69DBFA23C1}.Debug|Any CPU.Build.0 = Debug|Any CPU
		{A95C7892-92B4-4544-8BD5-BC69DBFA23C1}.Release|Any CPU.ActiveCfg = Release|Any CPU
		{A95C7892-92B4-4544-8BD5-BC69DBFA23C1}.Release|Any CPU.Build.0 = Release|Any CPU
		{40607F45-7A88-4DF3-B6DE-B5B694C80879}.Debug|Any CPU.ActiveCfg = Debug|Any CPU
		{40607F45-7A88-4DF3-B6DE-B5B694C80879}.Debug|Any CPU.Build.0 = Debug|Any CPU
		{40607F45-7A88-4DF3-B6DE-B5B694C80879}.Release|Any CPU.ActiveCfg = Release|Any CPU
		{40607F45-7A88-4DF3-B6DE-B5B694C80879}.Release|Any CPU.Build.0 = Release|Any CPU
	EndGlobalSection
	GlobalSection(SolutionProperties) = preSolution
		HideSolutionNode = FALSE
	EndGlobalSection
	GlobalSection(ExtensibilityGlobals) = postSolution
		SolutionGuid = {734334E7-312B-4EBA-86B0-F62E8AEB626A}
	EndGlobalSection
EndGlobal
