
Microsoft Visual Studio Solution File, Format Version 12.00
# Visual Studio Version 16
VisualStudioVersion = 16.0.30114.105
MinimumVisualStudioVersion = 10.0.40219.1
Project("{FAE04EC0-301F-11D3-BF4B-00C04F79EFBC}") = "UmbDock", "UmbDock\UmbDock.csproj", "{FC184DA3-DE35-47F8-8332-AA4036E6FDEC}"
EndProject
Global
	GlobalSection(SolutionConfigurationPlatforms) = preSolution
		Debug|Any CPU = Debug|Any CPU
		Release|Any CPU = Release|Any CPU
	EndGlobalSection
	GlobalSection(SolutionProperties) = preSolution
		HideSolutionNode = FALSE
	EndGlobalSection
	GlobalSection(ProjectConfigurationPlatforms) = postSolution
		{FC184DA3-DE35-47F8-8332-AA4036E6FDEC}.Debug|Any CPU.ActiveCfg = Debug|Any CPU
		{FC184DA3-DE35-47F8-8332-AA4036E6FDEC}.Debug|Any CPU.Build.0 = Debug|Any CPU
		{FC184DA3-DE35-47F8-8332-AA4036E6FDEC}.Release|Any CPU.ActiveCfg = Release|Any CPU
		{FC184DA3-DE35-47F8-8332-AA4036E6FDEC}.Release|Any CPU.Build.0 = Release|Any CPU
	EndGlobalSection
EndGlobal
